github.com/bakalover/tate v0.1.0 h1:9eJ2ZkE+/vkBt4H7m4kYoNW2r3GH5ZSMJHt8rzGtviI=
github.com/bakalover/tate v0.1.0/go.mod h1:MrdRVra69Zt5gHgC4RWQbVJUsR9XSnlYgydzXJ+WPic=
github.com/bakalover/tate v0.1.1 h1:yviySKnbZ1VeoDS4fxAKZT5KcSRZLLJnVVviawl5PlQ=
github.com/bakalover/tate v0.1.1/go.mod h1:MrdRVra69Zt5gHgC4RWQbVJUsR9XSnlYgydzXJ+WPic=
github.com/bakalover/tate v0.1.2 h1:Qb+vZ0HMbF/1ronnyNDUQKjfDqKZo37/cuz9JGco/Js=
github.com/bakalover/tate v0.1.2/go.mod h1:MrdRVra69Zt5gHgC4RWQbVJUsR9XSnlYgydzXJ+WPic=
